
Microsoft Visual Studio Solution File, Format Version 12.00
# Visual Studio Version 17
VisualStudioVersion = 17.0.31903.59
MinimumVisualStudioVersion = 10.0.40219.1
Project("{2150E333-8FDC-42A3-9474-1A3956D46DE8}") = "Solution Items", "Solution Items", "{6197707D-50CB-4897-8C47-BB85877B4192}"
	ProjectSection(SolutionItems) = preProject
		.gitignore = .gitignore
		Directory.Build.props = Directory.Build.props
		Directory.Packages.props = Directory.Packages.props
		README.md = README.md
	EndProjectSection
EndProject
Project("{9A19103F-16F7-4668-BE54-9A1E7A4F7556}") = "DSDD.Automations.Payments.Common", "DSDD.Automations.Payments.Common\DSDD.Automations.Payments.Common.csproj", "{F874C1AA-53CA-49A2-A8A8-107D20880889}"
EndProject
Project("{9A19103F-16F7-4668-BE54-9A1E7A4F7556}") = "DSDD.Automations.Payments.RBCZ", "DSDD.Automations.Payments.RBCZ\DSDD.Automations.Payments.RBCZ.csproj", "{D993EF54-B9F2-457D-82EE-C79DB1AAA0F8}"
EndProject
Project("{9A19103F-16F7-4668-BE54-9A1E7A4F7556}") = "DSDD.Automations.Payments", "DSDD.Automations.Payments\DSDD.Automations.Payments.csproj", "{4777C992-43AF-41D7-8547-2881C42AA52C}"
EndProject
Project("{9A19103F-16F7-4668-BE54-9A1E7A4F7556}") = "DSDD.Automations.Payments.Common.Tests", "DSDD.Automations.Payments.Common.Tests\DSDD.Automations.Payments.Common.Tests.csproj", "{2FBF72E2-6BEC-44F1-8561-9019A18211EB}"
EndProject
Project("{9A19103F-16F7-4668-BE54-9A1E7A4F7556}") = "DSDD.Automations.Payments.Tests", "DSDD.Automations.Payments.Tests\DSDD.Automations.Payments.Tests.csproj", "{5F65EF51-20E0-474A-8BF4-8A476B1E919C}"
EndProject
Project("{9A19103F-16F7-4668-BE54-9A1E7A4F7556}") = "DSDD.Automations.Payments.RBCZ.Tests", "DSDD.Automations.Payments.RBCZ.Tests\DSDD.Automations.Payments.RBCZ.Tests.csproj", "{5A7EEFC8-22AA-402F-805D-297B5322A9C6}"
EndProject
Project("{9A19103F-16F7-4668-BE54-9A1E7A4F7556}") = "DSDD.Automations.Reports", "DSDD.Automations.Reports\DSDD.Automations.Reports.csproj", "{B93E3708-E2BA-4A3D-9541-4E830A10B759}"
EndProject
Project("{9A19103F-16F7-4668-BE54-9A1E7A4F7556}") = "DSDD.Automations.Hosting", "DSDD.Automations.Hosting\DSDD.Automations.Hosting.csproj", "{A785BBDF-0E56-4848-8300-FBCD353356BE}"
EndProject
Project("{9A19103F-16F7-4668-BE54-9A1E7A4F7556}") = "DSDD.Automations.Reports.Tests", "DSDD.Automations.Reports.Tests\DSDD.Automations.Reports.Tests.csproj", "{40897BC6-CF7C-466B-957F-F3C7378C6561}"
EndProject
Project("{FAE04EC0-301F-11D3-BF4B-00C04F79EFBC}") = "DSDD.Automations.Mailing", "DSDD.Automations.Mailing\DSDD.Automations.Mailing.csproj", "{CE75F671-0BC1-4CF0-A08A-462A4829B3E1}"
EndProject
Global
	GlobalSection(SolutionConfigurationPlatforms) = preSolution
		Debug|Any CPU = Debug|Any CPU
		Release|Any CPU = Release|Any CPU
	EndGlobalSection
	GlobalSection(ProjectConfigurationPlatforms) = postSolution
		{F874C1AA-53CA-49A2-A8A8-107D20880889}.Debug|Any CPU.ActiveCfg = Debug|Any CPU
		{F874C1AA-53CA-49A2-A8A8-107D20880889}.Debug|Any CPU.Build.0 = Debug|Any CPU
		{F874C1AA-53CA-49A2-A8A8-107D20880889}.Release|Any CPU.ActiveCfg = Release|Any CPU
		{F874C1AA-53CA-49A2-A8A8-107D20880889}.Release|Any CPU.Build.0 = Release|Any CPU
		{D993EF54-B9F2-457D-82EE-C79DB1AAA0F8}.Debug|Any CPU.ActiveCfg = Debug|Any CPU
		{D993EF54-B9F2-457D-82EE-C79DB1AAA0F8}.Debug|Any CPU.Build.0 = Debug|Any CPU
		{D993EF54-B9F2-457D-82EE-C79DB1AAA0F8}.Release|Any CPU.ActiveCfg = Release|Any CPU
		{D993EF54-B9F2-457D-82EE-C79DB1AAA0F8}.Release|Any CPU.Build.0 = Release|Any CPU
		{4777C992-43AF-41D7-8547-2881C42AA52C}.Debug|Any CPU.ActiveCfg = Debug|Any CPU
		{4777C992-43AF-41D7-8547-2881C42AA52C}.Debug|Any CPU.Build.0 = Debug|Any CPU
		{4777C992-43AF-41D7-8547-2881C42AA52C}.Release|Any CPU.ActiveCfg = Release|Any CPU
		{4777C992-43AF-41D7-8547-2881C42AA52C}.Release|Any CPU.Build.0 = Release|Any CPU
		{2FBF72E2-6BEC-44F1-8561-9019A18211EB}.Debug|Any CPU.ActiveCfg = Debug|Any CPU
		{2FBF72E2-6BEC-44F1-8561-9019A18211EB}.Debug|Any CPU.Build.0 = Debug|Any CPU
		{2FBF72E2-6BEC-44F1-8561-9019A18211EB}.Release|Any CPU.ActiveCfg = Release|Any CPU
		{2FBF72E2-6BEC-44F1-8561-9019A18211EB}.Release|Any CPU.Build.0 = Release|Any CPU
		{5F65EF51-20E0-474A-8BF4-8A476B1E919C}.Debug|Any CPU.ActiveCfg = Debug|Any CPU
		{5F65EF51-20E0-474A-8BF4-8A476B1E919C}.Debug|Any CPU.Build.0 = Debug|Any CPU
		{5F65EF51-20E0-474A-8BF4-8A476B1E919C}.Release|Any CPU.ActiveCfg = Release|Any CPU
		{5F65EF51-20E0-474A-8BF4-8A476B1E919C}.Release|Any CPU.Build.0 = Release|Any CPU
		{5A7EEFC8-22AA-402F-805D-297B5322A9C6}.Debug|Any CPU.ActiveCfg = Debug|Any CPU
		{5A7EEFC8-22AA-402F-805D-297B5322A9C6}.Debug|Any CPU.Build.0 = Debug|Any CPU
		{5A7EEFC8-22AA-402F-805D-297B5322A9C6}.Release|Any CPU.ActiveCfg = Release|Any CPU
		{5A7EEFC8-22AA-402F-805D-297B5322A9C6}.Release|Any CPU.Build.0 = Release|Any CPU
		{B93E3708-E2BA-4A3D-9541-4E830A10B759}.Debug|Any CPU.ActiveCfg = Debug|Any CPU
		{B93E3708-E2BA-4A3D-9541-4E830A10B759}.Debug|Any CPU.Build.0 = Debug|Any CPU
		{B93E3708-E2BA-4A3D-9541-4E830A10B759}.Release|Any CPU.ActiveCfg = Release|Any CPU
		{B93E3708-E2BA-4A3D-9541-4E830A10B759}.Release|Any CPU.Build.0 = Release|Any CPU
		{A785BBDF-0E56-4848-8300-FBCD353356BE}.Debug|Any CPU.ActiveCfg = Debug|Any CPU
		{A785BBDF-0E56-4848-8300-FBCD353356BE}.Debug|Any CPU.Build.0 = Debug|Any CPU
		{A785BBDF-0E56-4848-8300-FBCD353356BE}.Release|Any CPU.ActiveCfg = Release|Any CPU
		{A785BBDF-0E56-4848-8300-FBCD353356BE}.Release|Any CPU.Build.0 = Release|Any CPU
		{40897BC6-CF7C-466B-957F-F3C7378C6561}.Debug|Any CPU.ActiveCfg = Debug|Any CPU
		{40897BC6-CF7C-466B-957F-F3C7378C6561}.Debug|Any CPU.Build.0 = Debug|Any CPU
		{40897BC6-CF7C-466B-957F-F3C7378C6561}.Release|Any CPU.ActiveCfg = Release|Any CPU
		{40897BC6-CF7C-466B-957F-F3C7378C6561}.Release|Any CPU.Build.0 = Release|Any CPU
		{CE75F671-0BC1-4CF0-A08A-462A4829B3E1}.Debug|Any CPU.ActiveCfg = Debug|Any CPU
		{CE75F671-0BC1-4CF0-A08A-462A4829B3E1}.Debug|Any CPU.Build.0 = Debug|Any CPU
		{CE75F671-0BC1-4CF0-A08A-462A4829B3E1}.Release|Any CPU.ActiveCfg = Release|Any CPU
		{CE75F671-0BC1-4CF0-A08A-462A4829B3E1}.Release|Any CPU.Build.0 = Release|Any CPU
	EndGlobalSection
	GlobalSection(SolutionProperties) = preSolution
		HideSolutionNode = FALSE
	EndGlobalSection
	GlobalSection(ExtensibilityGlobals) = postSolution
		SolutionGuid = {CE43DB3B-B397-40F5-92C9-7A36AC14223B}
	EndGlobalSection
EndGlobal
